// !$*UTF8*$!
{
	archiveVersion = 1;
	classes = {
	};
	objectVersion = 46;
	objects = {

/* Begin PBXBuildFile section */
		1E1B790D18FD476A001E9D60 /* Foundation.framework in Frameworks */ = {isa = PBXBuildFile; fileRef = 1E1B790C18FD476A001E9D60 /* Foundation.framework */; };
		1E1B790F18FD476A001E9D60 /* CoreGraphics.framework in Frameworks */ = {isa = PBXBuildFile; fileRef = 1E1B790E18FD476A001E9D60 /* CoreGraphics.framework */; };
		1E1B791118FD476A001E9D60 /* UIKit.framework in Frameworks */ = {isa = PBXBuildFile; fileRef = 1E1B791018FD476A001E9D60 /* UIKit.framework */; };
		1E1B791718FD476A001E9D60 /* InfoPlist.strings in Resources */ = {isa = PBXBuildFile; fileRef = 1E1B791518FD476A001E9D60 /* InfoPlist.strings */; };
		1E1B791918FD476A001E9D60 /* main.m in Sources */ = {isa = PBXBuildFile; fileRef = 1E1B791818FD476A001E9D60 /* main.m */; };
		1E1B791D18FD476A001E9D60 /* GHUAppDelegate.m in Sources */ = {isa = PBXBuildFile; fileRef = 1E1B791C18FD476A001E9D60 /* GHUAppDelegate.m */; };
		1E1B792018FD476A001E9D60 /* Main_iPhone.storyboard in Resources */ = {isa = PBXBuildFile; fileRef = 1E1B791E18FD476A001E9D60 /* Main_iPhone.storyboard */; };
		1E1B792318FD476A001E9D60 /* Main_iPad.storyboard in Resources */ = {isa = PBXBuildFile; fileRef = 1E1B792118FD476A001E9D60 /* Main_iPad.storyboard */; };
		1E1B792618FD476A001E9D60 /* GHUViewController.m in Sources */ = {isa = PBXBuildFile; fileRef = 1E1B792518FD476A001E9D60 /* GHUViewController.m */; };
		1E1B792818FD476A001E9D60 /* Images.xcassets in Resources */ = {isa = PBXBuildFile; fileRef = 1E1B792718FD476A001E9D60 /* Images.xcassets */; };
		1E1B792F18FD476B001E9D60 /* XCTest.framework in Frameworks */ = {isa = PBXBuildFile; fileRef = 1E1B792E18FD476B001E9D60 /* XCTest.framework */; };
		1E1B793018FD476B001E9D60 /* Foundation.framework in Frameworks */ = {isa = PBXBuildFile; fileRef = 1E1B790C18FD476A001E9D60 /* Foundation.framework */; };
		1E1B793118FD476B001E9D60 /* UIKit.framework in Frameworks */ = {isa = PBXBuildFile; fileRef = 1E1B791018FD476A001E9D60 /* UIKit.framework */; };
		1E1B793918FD476B001E9D60 /* InfoPlist.strings in Resources */ = {isa = PBXBuildFile; fileRef = 1E1B793718FD476B001E9D60 /* InfoPlist.strings */; };
		1E1B793B18FD476B001E9D60 /* GHUnitProjectTests.m in Sources */ = {isa = PBXBuildFile; fileRef = 1E1B793A18FD476B001E9D60 /* GHUnitProjectTests.m */; };
		1E1B794918FD48D5001E9D60 /* GHUnitIOS.framework in Frameworks */ = {isa = PBXBuildFile; fileRef = 1E1B794818FD48D5001E9D60 /* GHUnitIOS.framework */; };
		1E1B794E18FD4B40001E9D60 /* GHUnitSampleTest.m in Sources */ = {isa = PBXBuildFile; fileRef = 1E1B794D18FD4B40001E9D60 /* GHUnitSampleTest.m */; };
		1E1B796218FD5507001E9D60 /* libOCMock.a in Frameworks */ = {isa = PBXBuildFile; fileRef = 1E1B795A18FD5507001E9D60 /* libOCMock.a */; };
		1E1B796518FD564F001E9D60 /* OCMockSampleTest.m in Sources */ = {isa = PBXBuildFile; fileRef = 1E1B796418FD564F001E9D60 /* OCMockSampleTest.m */; };
/* End PBXBuildFile section */

/* Begin PBXContainerItemProxy section */
		1E1B793218FD476B001E9D60 /* PBXContainerItemProxy */ = {
			isa = PBXContainerItemProxy;
			containerPortal = 1E1B790118FD476A001E9D60 /* Project object */;
			proxyType = 1;
			remoteGlobalIDString = 1E1B790818FD476A001E9D60;
			remoteInfo = GHUnitProject;
		};
/* End PBXContainerItemProxy section */

/* Begin PBXFileReference section */
		1E1B790918FD476A001E9D60 /* GHUnitProject.app */ = {isa = PBXFileReference; explicitFileType = wrapper.application; includeInIndex = 0; path = GHUnitProject.app; sourceTree = BUILT_PRODUCTS_DIR; };
		1E1B790C18FD476A001E9D60 /* Foundation.framework */ = {isa = PBXFileReference; lastKnownFileType = wrapper.framework; name = Foundation.framework; path = System/Library/Frameworks/Foundation.framework; sourceTree = SDKROOT; };
		1E1B790E18FD476A001E9D60 /* CoreGraphics.framework */ = {isa = PBXFileReference; lastKnownFileType = wrapper.framework; name = CoreGraphics.framework; path = System/Library/Frameworks/CoreGraphics.framework; sourceTree = SDKROOT; };
		1E1B791018FD476A001E9D60 /* UIKit.framework */ = {isa = PBXFileReference; lastKnownFileType = wrapper.framework; name = UIKit.framework; path = System/Library/Frameworks/UIKit.framework; sourceTree = SDKROOT; };
		1E1B791418FD476A001E9D60 /* GHUnitProject-Info.plist */ = {isa = PBXFileReference; lastKnownFileType = text.plist.xml; path = "GHUnitProject-Info.plist"; sourceTree = "<group>"; };
		1E1B791618FD476A001E9D60 /* en */ = {isa = PBXFileReference; lastKnownFileType = text.plist.strings; name = en; path = en.lproj/InfoPlist.strings; sourceTree = "<group>"; };
		1E1B791818FD476A001E9D60 /* main.m */ = {isa = PBXFileReference; lastKnownFileType = sourcecode.c.objc; path = main.m; sourceTree = "<group>"; };
		1E1B791A18FD476A001E9D60 /* GHUnitProject-Prefix.pch */ = {isa = PBXFileReference; lastKnownFileType = sourcecode.c.h; path = "GHUnitProject-Prefix.pch"; sourceTree = "<group>"; };
		1E1B791B18FD476A001E9D60 /* GHUAppDelegate.h */ = {isa = PBXFileReference; lastKnownFileType = sourcecode.c.h; path = GHUAppDelegate.h; sourceTree = "<group>"; };
		1E1B791C18FD476A001E9D60 /* GHUAppDelegate.m */ = {isa = PBXFileReference; lastKnownFileType = sourcecode.c.objc; path = GHUAppDelegate.m; sourceTree = "<group>"; };
		1E1B791F18FD476A001E9D60 /* Base */ = {isa = PBXFileReference; lastKnownFileType = file.storyboard; name = Base; path = Base.lproj/Main_iPhone.storyboard; sourceTree = "<group>"; };
		1E1B792218FD476A001E9D60 /* Base */ = {isa = PBXFileReference; lastKnownFileType = file.storyboard; name = Base; path = Base.lproj/Main_iPad.storyboard; sourceTree = "<group>"; };
		1E1B792418FD476A001E9D60 /* GHUViewController.h */ = {isa = PBXFileReference; lastKnownFileType = sourcecode.c.h; path = GHUViewController.h; sourceTree = "<group>"; };
		1E1B792518FD476A001E9D60 /* GHUViewController.m */ = {isa = PBXFileReference; lastKnownFileType = sourcecode.c.objc; path = GHUViewController.m; sourceTree = "<group>"; };
		1E1B792718FD476A001E9D60 /* Images.xcassets */ = {isa = PBXFileReference; lastKnownFileType = folder.assetcatalog; path = Images.xcassets; sourceTree = "<group>"; };
		1E1B792D18FD476B001E9D60 /* GHUnitProjectTests.xctest */ = {isa = PBXFileReference; explicitFileType = wrapper.cfbundle; includeInIndex = 0; path = GHUnitProjectTests.xctest; sourceTree = BUILT_PRODUCTS_DIR; };
		1E1B792E18FD476B001E9D60 /* XCTest.framework */ = {isa = PBXFileReference; lastKnownFileType = wrapper.framework; name = XCTest.framework; path = Library/Frameworks/XCTest.framework; sourceTree = DEVELOPER_DIR; };
		1E1B793618FD476B001E9D60 /* GHUnitProjectTests-Info.plist */ = {isa = PBXFileReference; lastKnownFileType = text.plist.xml; path = "GHUnitProjectTests-Info.plist"; sourceTree = "<group>"; };
		1E1B793818FD476B001E9D60 /* en */ = {isa = PBXFileReference; lastKnownFileType = text.plist.strings; name = en; path = en.lproj/InfoPlist.strings; sourceTree = "<group>"; };
		1E1B793A18FD476B001E9D60 /* GHUnitProjectTests.m */ = {isa = PBXFileReference; lastKnownFileType = sourcecode.c.objc; path = GHUnitProjectTests.m; sourceTree = "<group>"; };
		1E1B794818FD48D5001E9D60 /* GHUnitIOS.framework */ = {isa = PBXFileReference; lastKnownFileType = wrapper.framework; path = GHUnitIOS.framework; sourceTree = "<group>"; };
		1E1B794C18FD4B40001E9D60 /* GHUnitSampleTest.h */ = {isa = PBXFileReference; fileEncoding = 4; lastKnownFileType = sourcecode.c.h; path = GHUnitSampleTest.h; sourceTree = "<group>"; };
		1E1B794D18FD4B40001E9D60 /* GHUnitSampleTest.m */ = {isa = PBXFileReference; fileEncoding = 4; lastKnownFileType = sourcecode.c.objc; path = GHUnitSampleTest.m; sourceTree = "<group>"; };
		1E1B795A18FD5507001E9D60 /* libOCMock.a */ = {isa = PBXFileReference; lastKnownFileType = archive.ar; name = libOCMock.a; path = "../../../../Volumes/OCMock 2.2.3/iOS/libOCMock.a"; sourceTree = "<group>"; };
		1E1B795C18FD5507001E9D60 /* NSNotificationCenter+OCMAdditions.h */ = {isa = PBXFileReference; fileEncoding = 4; lastKnownFileType = sourcecode.c.h; path = "NSNotificationCenter+OCMAdditions.h"; sourceTree = "<group>"; };
		1E1B795D18FD5507001E9D60 /* OCMArg.h */ = {isa = PBXFileReference; fileEncoding = 4; lastKnownFileType = sourcecode.c.h; path = OCMArg.h; sourceTree = "<group>"; };
		1E1B795E18FD5507001E9D60 /* OCMConstraint.h */ = {isa = PBXFileReference; fileEncoding = 4; lastKnownFileType = sourcecode.c.h; path = OCMConstraint.h; sourceTree = "<group>"; };
		1E1B795F18FD5507001E9D60 /* OCMock.h */ = {isa = PBXFileReference; fileEncoding = 4; lastKnownFileType = sourcecode.c.h; path = OCMock.h; sourceTree = "<group>"; };
		1E1B796018FD5507001E9D60 /* OCMockObject.h */ = {isa = PBXFileReference; fileEncoding = 4; lastKnownFileType = sourcecode.c.h; path = OCMockObject.h; sourceTree = "<group>"; };
		1E1B796118FD5507001E9D60 /* OCMockRecorder.h */ = {isa = PBXFileReference; fileEncoding = 4; lastKnownFileType = sourcecode.c.h; path = OCMockRecorder.h; sourceTree = "<group>"; };
		1E1B796318FD564F001E9D60 /* OCMockSampleTest.h */ = {isa = PBXFileReference; fileEncoding = 4; lastKnownFileType = sourcecode.c.h; path = OCMockSampleTest.h; sourceTree = "<group>"; };
		1E1B796418FD564F001E9D60 /* OCMockSampleTest.m */ = {isa = PBXFileReference; fileEncoding = 4; lastKnownFileType = sourcecode.c.objc; path = OCMockSampleTest.m; sourceTree = "<group>"; };
/* End PBXFileReference section */

/* Begin PBXFrameworksBuildPhase section */
		1E1B790618FD476A001E9D60 /* Frameworks */ = {
			isa = PBXFrameworksBuildPhase;
			buildActionMask = 2147483647;
			files = (
				1E1B790F18FD476A001E9D60 /* CoreGraphics.framework in Frameworks */,
				1E1B791118FD476A001E9D60 /* UIKit.framework in Frameworks */,
				1E1B790D18FD476A001E9D60 /* Foundation.framework in Frameworks */,
			);
			runOnlyForDeploymentPostprocessing = 0;
		};
		1E1B792A18FD476B001E9D60 /* Frameworks */ = {
			isa = PBXFrameworksBuildPhase;
			buildActionMask = 2147483647;
			files = (
				1E1B792F18FD476B001E9D60 /* XCTest.framework in Frameworks */,
				1E1B794918FD48D5001E9D60 /* GHUnitIOS.framework in Frameworks */,
				1E1B793118FD476B001E9D60 /* UIKit.framework in Frameworks */,
				1E1B793018FD476B001E9D60 /* Foundation.framework in Frameworks */,
				1E1B796218FD5507001E9D60 /* libOCMock.a in Frameworks */,
			);
			runOnlyForDeploymentPostprocessing = 0;
		};
/* End PBXFrameworksBuildPhase section */

/* Begin PBXGroup section */
		1E1B790018FD476A001E9D60 = {
			isa = PBXGroup;
			children = (
				1E1B795118FD5190001E9D60 /* Libraries */,
				1E1B791218FD476A001E9D60 /* GHUnitProject */,
				1E1B793418FD476B001E9D60 /* GHUnitProjectTests */,
				1E1B790B18FD476A001E9D60 /* Frameworks */,
				1E1B790A18FD476A001E9D60 /* Products */,
			);
			sourceTree = "<group>";
		};
		1E1B790A18FD476A001E9D60 /* Products */ = {
			isa = PBXGroup;
			children = (
				1E1B790918FD476A001E9D60 /* GHUnitProject.app */,
				1E1B792D18FD476B001E9D60 /* GHUnitProjectTests.xctest */,
			);
			name = Products;
			sourceTree = "<group>";
		};
		1E1B790B18FD476A001E9D60 /* Frameworks */ = {
			isa = PBXGroup;
			children = (
				1E1B794818FD48D5001E9D60 /* GHUnitIOS.framework */,
				1E1B790C18FD476A001E9D60 /* Foundation.framework */,
				1E1B790E18FD476A001E9D60 /* CoreGraphics.framework */,
				1E1B791018FD476A001E9D60 /* UIKit.framework */,
				1E1B792E18FD476B001E9D60 /* XCTest.framework */,
			);
			name = Frameworks;
			sourceTree = "<group>";
		};
		1E1B791218FD476A001E9D60 /* GHUnitProject */ = {
			isa = PBXGroup;
			children = (
				1E1B791B18FD476A001E9D60 /* GHUAppDelegate.h */,
				1E1B791C18FD476A001E9D60 /* GHUAppDelegate.m */,
				1E1B791E18FD476A001E9D60 /* Main_iPhone.storyboard */,
				1E1B792118FD476A001E9D60 /* Main_iPad.storyboard */,
				1E1B792418FD476A001E9D60 /* GHUViewController.h */,
				1E1B792518FD476A001E9D60 /* GHUViewController.m */,
				1E1B792718FD476A001E9D60 /* Images.xcassets */,
				1E1B791318FD476A001E9D60 /* Supporting Files */,
			);
			path = GHUnitProject;
			sourceTree = "<group>";
		};
		1E1B791318FD476A001E9D60 /* Supporting Files */ = {
			isa = PBXGroup;
			children = (
				1E1B791418FD476A001E9D60 /* GHUnitProject-Info.plist */,
				1E1B791518FD476A001E9D60 /* InfoPlist.strings */,
				1E1B791818FD476A001E9D60 /* main.m */,
				1E1B791A18FD476A001E9D60 /* GHUnitProject-Prefix.pch */,
			);
			name = "Supporting Files";
			sourceTree = "<group>";
		};
		1E1B793418FD476B001E9D60 /* GHUnitProjectTests */ = {
			isa = PBXGroup;
			children = (
				1E1B793A18FD476B001E9D60 /* GHUnitProjectTests.m */,
				1E1B793518FD476B001E9D60 /* Supporting Files */,
				1E1B794C18FD4B40001E9D60 /* GHUnitSampleTest.h */,
				1E1B794D18FD4B40001E9D60 /* GHUnitSampleTest.m */,
				1E1B796318FD564F001E9D60 /* OCMockSampleTest.h */,
				1E1B796418FD564F001E9D60 /* OCMockSampleTest.m */,
			);
			path = GHUnitProjectTests;
			sourceTree = "<group>";
		};
		1E1B793518FD476B001E9D60 /* Supporting Files */ = {
			isa = PBXGroup;
			children = (
				1E1B793618FD476B001E9D60 /* GHUnitProjectTests-Info.plist */,
				1E1B793718FD476B001E9D60 /* InfoPlist.strings */,
			);
			name = "Supporting Files";
			sourceTree = "<group>";
		};
		1E1B795118FD5190001E9D60 /* Libraries */ = {
			isa = PBXGroup;
			children = (
				1E1B795A18FD5507001E9D60 /* libOCMock.a */,
				1E1B795B18FD5507001E9D60 /* OCMock */,
			);
			name = Libraries;
			sourceTree = "<group>";
		};
		1E1B795B18FD5507001E9D60 /* OCMock */ = {
			isa = PBXGroup;
			children = (
				1E1B795C18FD5507001E9D60 /* NSNotificationCenter+OCMAdditions.h */,
				1E1B795D18FD5507001E9D60 /* OCMArg.h */,
				1E1B795E18FD5507001E9D60 /* OCMConstraint.h */,
				1E1B795F18FD5507001E9D60 /* OCMock.h */,
				1E1B796018FD5507001E9D60 /* OCMockObject.h */,
				1E1B796118FD5507001E9D60 /* OCMockRecorder.h */,
			);
			name = OCMock;
			path = "../../../../Volumes/OCMock 2.2.3/iOS/OCMock";
			sourceTree = "<group>";
		};
/* End PBXGroup section */

/* Begin PBXNativeTarget section */
		1E1B790818FD476A001E9D60 /* GHUnitProject */ = {
			isa = PBXNativeTarget;
			buildConfigurationList = 1E1B793E18FD476B001E9D60 /* Build configuration list for PBXNativeTarget "GHUnitProject" */;
			buildPhases = (
				1E1B790518FD476A001E9D60 /* Sources */,
				1E1B790618FD476A001E9D60 /* Frameworks */,
				1E1B790718FD476A001E9D60 /* Resources */,
			);
			buildRules = (
			);
			dependencies = (
			);
			name = GHUnitProject;
			productName = GHUnitProject;
			productReference = 1E1B790918FD476A001E9D60 /* GHUnitProject.app */;
			productType = "com.apple.product-type.application";
		};
		1E1B792C18FD476B001E9D60 /* GHUnitProjectTests */ = {
			isa = PBXNativeTarget;
			buildConfigurationList = 1E1B794118FD476B001E9D60 /* Build configuration list for PBXNativeTarget "GHUnitProjectTests" */;
			buildPhases = (
				1E1B792918FD476B001E9D60 /* Sources */,
				1E1B792A18FD476B001E9D60 /* Frameworks */,
				1E1B792B18FD476B001E9D60 /* Resources */,
			);
			buildRules = (
			);
			dependencies = (
				1E1B793318FD476B001E9D60 /* PBXTargetDependency */,
			);
			name = GHUnitProjectTests;
			productName = GHUnitProjectTests;
			productReference = 1E1B792D18FD476B001E9D60 /* GHUnitProjectTests.xctest */;
			productType = "com.apple.product-type.bundle.unit-test";
		};
/* End PBXNativeTarget section */

/* Begin PBXProject section */
		1E1B790118FD476A001E9D60 /* Project object */ = {
			isa = PBXProject;
			attributes = {
				CLASSPREFIX = GHU;
				LastUpgradeCheck = 0500;
				ORGANIZATIONNAME = gongyong;
				TargetAttributes = {
					1E1B792C18FD476B001E9D60 = {
						TestTargetID = 1E1B790818FD476A001E9D60;
					};
				};
			};
			buildConfigurationList = 1E1B790418FD476A001E9D60 /* Build configuration list for PBXProject "GHUnitProject" */;
			compatibilityVersion = "Xcode 3.2";
			developmentRegion = English;
			hasScannedForEncodings = 0;
			knownRegions = (
				en,
				Base,
			);
			mainGroup = 1E1B790018FD476A001E9D60;
			productRefGroup = 1E1B790A18FD476A001E9D60 /* Products */;
			projectDirPath = "";
			projectRoot = "";
			targets = (
				1E1B790818FD476A001E9D60 /* GHUnitProject */,
				1E1B792C18FD476B001E9D60 /* GHUnitProjectTests */,
			);
		};
/* End PBXProject section */

/* Begin PBXResourcesBuildPhase section */
		1E1B790718FD476A001E9D60 /* Resources */ = {
			isa = PBXResourcesBuildPhase;
			buildActionMask = 2147483647;
			files = (
				1E1B792318FD476A001E9D60 /* Main_iPad.storyboard in Resources */,
				1E1B792818FD476A001E9D60 /* Images.xcassets in Resources */,
				1E1B792018FD476A001E9D60 /* Main_iPhone.storyboard in Resources */,
				1E1B791718FD476A001E9D60 /* InfoPlist.strings in Resources */,
			);
			runOnlyForDeploymentPostprocessing = 0;
		};
		1E1B792B18FD476B001E9D60 /* Resources */ = {
			isa = PBXResourcesBuildPhase;
			buildActionMask = 2147483647;
			files = (
				1E1B793918FD476B001E9D60 /* InfoPlist.strings in Resources */,
			);
			runOnlyForDeploymentPostprocessing = 0;
		};
/* End PBXResourcesBuildPhase section */

/* Begin PBXSourcesBuildPhase section */
		1E1B790518FD476A001E9D60 /* Sources */ = {
			isa = PBXSourcesBuildPhase;
			buildActionMask = 2147483647;
			files = (
				1E1B792618FD476A001E9D60 /* GHUViewController.m in Sources */,
				1E1B791918FD476A001E9D60 /* main.m in Sources */,
				1E1B791D18FD476A001E9D60 /* GHUAppDelegate.m in Sources */,
			);
			runOnlyForDeploymentPostprocessing = 0;
		};
		1E1B792918FD476B001E9D60 /* Sources */ = {
			isa = PBXSourcesBuildPhase;
			buildActionMask = 2147483647;
			files = (
				1E1B794E18FD4B40001E9D60 /* GHUnitSampleTest.m in Sources */,
				1E1B796518FD564F001E9D60 /* OCMockSampleTest.m in Sources */,
				1E1B793B18FD476B001E9D60 /* GHUnitProjectTests.m in Sources */,
			);
			runOnlyForDeploymentPostprocessing = 0;
		};
/* End PBXSourcesBuildPhase section */

/* Begin PBXTargetDependency section */
		1E1B793318FD476B001E9D60 /* PBXTargetDependency */ = {
			isa = PBXTargetDependency;
			target = 1E1B790818FD476A001E9D60 /* GHUnitProject */;
			targetProxy = 1E1B793218FD476B001E9D60 /* PBXContainerItemProxy */;
		};
/* End PBXTargetDependency section */

/* Begin PBXVariantGroup section */
		1E1B791518FD476A001E9D60 /* InfoPlist.strings */ = {
			isa = PBXVariantGroup;
			children = (
				1E1B791618FD476A001E9D60 /* en */,
			);
			name = InfoPlist.strings;
			sourceTree = "<group>";
		};
		1E1B791E18FD476A001E9D60 /* Main_iPhone.storyboard */ = {
			isa = PBXVariantGroup;
			children = (
				1E1B791F18FD476A001E9D60 /* Base */,
			);
			name = Main_iPhone.storyboard;
			sourceTree = "<group>";
		};
		1E1B792118FD476A001E9D60 /* Main_iPad.storyboard */ = {
			isa = PBXVariantGroup;
			children = (
				1E1B792218FD476A001E9D60 /* Base */,
			);
			name = Main_iPad.storyboard;
			sourceTree = "<group>";
		};
		1E1B793718FD476B001E9D60 /* InfoPlist.strings */ = {
			isa = PBXVariantGroup;
			children = (
				1E1B793818FD476B001E9D60 /* en */,
			);
			name = InfoPlist.strings;
			sourceTree = "<group>";
		};
/* End PBXVariantGroup section */

/* Begin XCBuildConfiguration section */
		1E1B793C18FD476B001E9D60 /* Debug */ = {
			isa = XCBuildConfiguration;
			buildSettings = {
				ALWAYS_SEARCH_USER_PATHS = NO;
				ARCHS = "$(ARCHS_STANDARD_INCLUDING_64_BIT)";
				CLANG_CXX_LANGUAGE_STANDARD = "gnu++0x";
				CLANG_CXX_LIBRARY = "libc++";
				CLANG_ENABLE_MODULES = YES;
				CLANG_ENABLE_OBJC_ARC = YES;
				CLANG_WARN_BOOL_CONVERSION = YES;
				CLANG_WARN_CONSTANT_CONVERSION = YES;
				CLANG_WARN_DIRECT_OBJC_ISA_USAGE = YES_ERROR;
				CLANG_WARN_EMPTY_BODY = YES;
				CLANG_WARN_ENUM_CONVERSION = YES;
				CLANG_WARN_INT_CONVERSION = YES;
				CLANG_WARN_OBJC_ROOT_CLASS = YES_ERROR;
				CLANG_WARN__DUPLICATE_METHOD_MATCH = YES;
				"CODE_SIGN_IDENTITY[sdk=iphoneos*]" = "iPhone Developer";
				COPY_PHASE_STRIP = NO;
				GCC_C_LANGUAGE_STANDARD = gnu99;
				GCC_DYNAMIC_NO_PIC = NO;
				GCC_OPTIMIZATION_LEVEL = 0;
				GCC_PREPROCESSOR_DEFINITIONS = (
					"DEBUG=1",
					"$(inherited)",
				);
				GCC_SYMBOLS_PRIVATE_EXTERN = NO;
				GCC_WARN_64_TO_32_BIT_CONVERSION = YES;
				GCC_WARN_ABOUT_RETURN_TYPE = YES_ERROR;
				GCC_WARN_UNDECLARED_SELECTOR = YES;
				GCC_WARN_UNINITIALIZED_AUTOS = YES;
				GCC_WARN_UNUSED_FUNCTION = YES;
				GCC_WARN_UNUSED_VARIABLE = YES;
				IPHONEOS_DEPLOYMENT_TARGET = 7.0;
				ONLY_ACTIVE_ARCH = YES;
				SDKROOT = iphoneos;
				TARGETED_DEVICE_FAMILY = "1,2";
			};
			name = Debug;
		};
		1E1B793D18FD476B001E9D60 /* Release */ = {
			isa = XCBuildConfiguration;
			buildSettings = {
				ALWAYS_SEARCH_USER_PATHS = NO;
				ARCHS = "$(ARCHS_STANDARD_INCLUDING_64_BIT)";
				CLANG_CXX_LANGUAGE_STANDARD = "gnu++0x";
				CLANG_CXX_LIBRARY = "libc++";
				CLANG_ENABLE_MODULES = YES;
				CLANG_ENABLE_OBJC_ARC = YES;
				CLANG_WARN_BOOL_CONVERSION = YES;
				CLANG_WARN_CONSTANT_CONVERSION = YES;
				CLANG_WARN_DIRECT_OBJC_ISA_USAGE = YES_ERROR;
				CLANG_WARN_EMPTY_BODY = YES;
				CLANG_WARN_ENUM_CONVERSION = YES;
				CLANG_WARN_INT_CONVERSION = YES;
				CLANG_WARN_OBJC_ROOT_CLASS = YES_ERROR;
				CLANG_WARN__DUPLICATE_METHOD_MATCH = YES;
				"CODE_SIGN_IDENTITY[sdk=iphoneos*]" = "iPhone Developer";
				COPY_PHASE_STRIP = YES;
				ENABLE_NS_ASSERTIONS = NO;
				GCC_C_LANGUAGE_STANDARD = gnu99;
				GCC_WARN_64_TO_32_BIT_CONVERSION = YES;
				GCC_WARN_ABOUT_RETURN_TYPE = YES_ERROR;
				GCC_WARN_UNDECLARED_SELECTOR = YES;
				GCC_WARN_UNINITIALIZED_AUTOS = YES;
				GCC_WARN_UNUSED_FUNCTION = YES;
				GCC_WARN_UNUSED_VARIABLE = YES;
				IPHONEOS_DEPLOYMENT_TARGET = 7.0;
				SDKROOT = iphoneos;
				TARGETED_DEVICE_FAMILY = "1,2";
				VALIDATE_PRODUCT = YES;
			};
			name = Release;
		};
		1E1B793F18FD476B001E9D60 /* Debug */ = {
			isa = XCBuildConfiguration;
			buildSettings = {
				ASSETCATALOG_COMPILER_APPICON_NAME = AppIcon;
				ASSETCATALOG_COMPILER_LAUNCHIMAGE_NAME = LaunchImage;
				GCC_PRECOMPILE_PREFIX_HEADER = YES;
				GCC_PREFIX_HEADER = "GHUnitProject/GHUnitProject-Prefix.pch";
				INFOPLIST_FILE = "GHUnitProject/GHUnitProject-Info.plist";
				PRODUCT_NAME = "$(TARGET_NAME)";
				WRAPPER_EXTENSION = app;
			};
			name = Debug;
		};
		1E1B794018FD476B001E9D60 /* Release */ = {
			isa = XCBuildConfiguration;
			buildSettings = {
				ASSETCATALOG_COMPILER_APPICON_NAME = AppIcon;
				ASSETCATALOG_COMPILER_LAUNCHIMAGE_NAME = LaunchImage;
				GCC_PRECOMPILE_PREFIX_HEADER = YES;
				GCC_PREFIX_HEADER = "GHUnitProject/GHUnitProject-Prefix.pch";
				INFOPLIST_FILE = "GHUnitProject/GHUnitProject-Info.plist";
				PRODUCT_NAME = "$(TARGET_NAME)";
				WRAPPER_EXTENSION = app;
			};
			name = Release;
		};
		1E1B794218FD476B001E9D60 /* Debug */ = {
			isa = XCBuildConfiguration;
			buildSettings = {
				ARCHS = "$(ARCHS_STANDARD_INCLUDING_64_BIT)";
				BUNDLE_LOADER = "$(BUILT_PRODUCTS_DIR)/GHUnitProject.app/GHUnitProject";
				FRAMEWORK_SEARCH_PATHS = (
					"$(SDKROOT)/Developer/Library/Frameworks",
					"$(inherited)",
					"$(DEVELOPER_FRAMEWORKS_DIR)",
					/Users/gongyong/Desktop,
					/Users/gongyong/Desktop/GHUnitProject,
				);
				GCC_PRECOMPILE_PREFIX_HEADER = YES;
				GCC_PREFIX_HEADER = "GHUnitProject/GHUnitProject-Prefix.pch";
				GCC_PREPROCESSOR_DEFINITIONS = (
					"DEBUG=1",
					"$(inherited)",
				);
				HEADER_SEARCH_PATHS = "$(SRCROOT)/Libraries";
				INFOPLIST_FILE = "GHUnitProjectTests/GHUnitProjectTests-Info.plist";
				LIBRARY_SEARCH_PATHS = (
					"$(inherited)",
					"\"$(SRCROOT)/Libraries\"",
				);
				OTHER_LDFLAGS = (
					"-ObjC",
					"-all_load",
				);
				PRODUCT_NAME = "$(TARGET_NAME)";
				TEST_HOST = "$(BUNDLE_LOADER)";
				WRAPPER_EXTENSION = xctest;
			};
			name = Debug;
		};
		1E1B794318FD476B001E9D60 /* Release */ = {
			isa = XCBuildConfiguration;
			buildSettings = {
				ARCHS = "$(ARCHS_STANDARD_INCLUDING_64_BIT)";
				BUNDLE_LOADER = "$(BUILT_PRODUCTS_DIR)/GHUnitProject.app/GHUnitProject";
				FRAMEWORK_SEARCH_PATHS = (
					"$(SDKROOT)/Developer/Library/Frameworks",
					"$(inherited)",
					"$(DEVELOPER_FRAMEWORKS_DIR)",
					/Users/gongyong/Desktop,
					/Users/gongyong/Desktop/GHUnitProject,
				);
				GCC_PRECOMPILE_PREFIX_HEADER = YES;
				GCC_PREFIX_HEADER = "GHUnitProject/GHUnitProject-Prefix.pch";
				HEADER_SEARCH_PATHS = "$(SRCROOT)/Libraries";
				INFOPLIST_FILE = "GHUnitProjectTests/GHUnitProjectTests-Info.plist";
				LIBRARY_SEARCH_PATHS = (
					"$(inherited)",
					"\"$(SRCROOT)/Libraries\"",
				);
				OTHER_LDFLAGS = (
					"-ObjC",
					"-all_load",
				);
				PRODUCT_NAME = "$(TARGET_NAME)";
				TEST_HOST = "$(BUNDLE_LOADER)";
				WRAPPER_EXTENSION = xctest;
			};
			name = Release;
		};
/* End XCBuildConfiguration section */

/* Begin XCConfigurationList section */
		1E1B790418FD476A001E9D60 /* Build configuration list for PBXProject "GHUnitProject" */ = {
			isa = XCConfigurationList;
			buildConfigurations = (
				1E1B793C18FD476B001E9D60 /* Debug */,
				1E1B793D18FD476B001E9D60 /* Release */,
			);
			defaultConfigurationIsVisible = 0;
			defaultConfigurationName = Release;
		};
		1E1B793E18FD476B001E9D60 /* Build configuration list for PBXNativeTarget "GHUnitProject" */ = {
			isa = XCConfigurationList;
			buildConfigurations = (
				1E1B793F18FD476B001E9D60 /* Debug */,
				1E1B794018FD476B001E9D60 /* Release */,
			);
			defaultConfigurationIsVisible = 0;
			defaultConfigurationName = Release;
		};
		1E1B794118FD476B001E9D60 /* Build configuration list for PBXNativeTarget "GHUnitProjectTests" */ = {
			isa = XCConfigurationList;
			buildConfigurations = (
				1E1B794218FD476B001E9D60 /* Debug */,
				1E1B794318FD476B001E9D60 /* Release */,
			);
			defaultConfigurationIsVisible = 0;
			defaultConfigurationName = Release;
		};
/* End XCConfigurationList section */
	};
	rootObject = 1E1B790118FD476A001E9D60 /* Project object */;
}
